
Microsoft Visual Studio Solution File, Format Version 11.00
# Visual Studio 2010
Project("{FAE04EC0-301F-11D3-BF4B-00C04F79EFBC}") = "Community.CsharpSqlite.SQLiteClient.WP", "Community.CsharpSqlite.SQLiteClient.WP.csproj", "{22E602F9-ADB6-4B94-B980-40EB1E83BE8B}"
EndProject
Project("{FAE04EC0-301F-11D3-BF4B-00C04F79EFBC}") = "Community.CsharpSqlite.WinPhone", "..\Community.CsharpSqlite.WinPhone\Community.CsharpSqlite.WinPhone.csproj", "{A1CF8CB2-DB66-4036-AB1F-9D205D5C93E9}"
EndProject
Project("{FAE04EC0-301F-11D3-BF4B-00C04F79EFBC}") = "System.Data.Ersatz.WinPhone", "..\System.Data.Ersatz\WinPhone\System.Data.Ersatz.WinPhone.csproj", "{60396C62-02C2-45FE-98BD-4A16E076722B}"
EndProject
Project("{FAE04EC0-301F-11D3-BF4B-00C04F79EFBC}") = "SQLiteClientTests.WinPhone", "SQLiteClientTests\SQLiteClientTests.WinPhone.csproj", "{C1A7EA2C-8FAE-46F3-BBE1-AFD6DDB81A3E}"
EndProject
Global
	GlobalSection(SolutionConfigurationPlatforms) = preSolution
		Debug|Any CPU = Debug|Any CPU
		Release|Any CPU = Release|Any CPU
	EndGlobalSection
	GlobalSection(ProjectConfigurationPlatforms) = postSolution
		{22E602F9-ADB6-4B94-B980-40EB1E83BE8B}.Debug|Any CPU.ActiveCfg = Debug|Any CPU
		{22E602F9-ADB6-4B94-B980-40EB1E83BE8B}.Debug|Any CPU.Build.0 = Debug|Any CPU
		{22E602F9-ADB6-4B94-B980-40EB1E83BE8B}.Release|Any CPU.ActiveCfg = Release|Any CPU
		{22E602F9-ADB6-4B94-B980-40EB1E83BE8B}.Release|Any CPU.Build.0 = Release|Any CPU
		{A1CF8CB2-DB66-4036-AB1F-9D205D5C93E9}.Debug|Any CPU.ActiveCfg = Debug|Any CPU
		{A1CF8CB2-DB66-4036-AB1F-9D205D5C93E9}.Debug|Any CPU.Build.0 = Debug|Any CPU
		{A1CF8CB2-DB66-4036-AB1F-9D205D5C93E9}.Release|Any CPU.ActiveCfg = Release|Any CPU
		{A1CF8CB2-DB66-4036-AB1F-9D205D5C93E9}.Release|Any CPU.Build.0 = Release|Any CPU
		{60396C62-02C2-45FE-98BD-4A16E076722B}.Debug|Any CPU.ActiveCfg = Debug|Any CPU
		{60396C62-02C2-45FE-98BD-4A16E076722B}.Debug|Any CPU.Build.0 = Debug|Any CPU
		{60396C62-02C2-45FE-98BD-4A16E076722B}.Release|Any CPU.ActiveCfg = Release|Any CPU
		{60396C62-02C2-45FE-98BD-4A16E076722B}.Release|Any CPU.Build.0 = Release|Any CPU
		{C1A7EA2C-8FAE-46F3-BBE1-AFD6DDB81A3E}.Debug|Any CPU.ActiveCfg = Debug|Any CPU
		{C1A7EA2C-8FAE-46F3-BBE1-AFD6DDB81A3E}.Debug|Any CPU.Build.0 = Debug|Any CPU
		{C1A7EA2C-8FAE-46F3-BBE1-AFD6DDB81A3E}.Debug|Any CPU.Deploy.0 = Debug|Any CPU
		{C1A7EA2C-8FAE-46F3-BBE1-AFD6DDB81A3E}.Release|Any CPU.ActiveCfg = Release|Any CPU
		{C1A7EA2C-8FAE-46F3-BBE1-AFD6DDB81A3E}.Release|Any CPU.Build.0 = Release|Any CPU
		{C1A7EA2C-8FAE-46F3-BBE1-AFD6DDB81A3E}.Release|Any CPU.Deploy.0 = Release|Any CPU
	EndGlobalSection
	GlobalSection(SolutionProperties) = preSolution
		HideSolutionNode = FALSE
	EndGlobalSection
EndGlobal
